
Microsoft Visual Studio Solution File, Format Version 12.00
# Visual Studio 15
VisualStudioVersion = 15.0.28010.2016
MinimumVisualStudioVersion = 10.0.40219.1
Project("{FAE04EC0-301F-11D3-BF4B-00C04F79EFBC}") = "Osim.Core", "Osim.Core\Osim.Core.csproj", "{280A70FF-1134-4C3F-ABAE-976580275815}"
EndProject
Global
	GlobalSection(SolutionConfigurationPlatforms) = preSolution
		Debug|Any CPU = Debug|Any CPU
		Release|Any CPU = Release|Any CPU
	EndGlobalSection
	GlobalSection(ProjectConfigurationPlatforms) = postSolution
		{280A70FF-1134-4C3F-ABAE-976580275815}.Debug|Any CPU.ActiveCfg = Debug|Any CPU
		{280A70FF-1134-4C3F-ABAE-976580275815}.Debug|Any CPU.Build.0 = Debug|Any CPU
		{280A70FF-1134-4C3F-ABAE-976580275815}.Release|Any CPU.ActiveCfg = Release|Any CPU
		{280A70FF-1134-4C3F-ABAE-976580275815}.Release|Any CPU.Build.0 = Release|Any CPU
	EndGlobalSection
	GlobalSection(SolutionProperties) = preSolution
		HideSolutionNode = FALSE
	EndGlobalSection
	GlobalSection(ExtensibilityGlobals) = postSolution
		SolutionGuid = {F98C9F68-61F1-4818-A4B5-9091AC3559F9}
	EndGlobalSection
EndGlobal
